
Microsoft Visual Studio Solution File, Format Version 12.00
# Visual Studio Version 17
VisualStudioVersion = 17.3.32811.315
MinimumVisualStudioVersion = 10.0.40219.1
Project("{FAE04EC0-301F-11D3-BF4B-00C04F79EFBC}") = "TheWebCalculator.Core", "TheWebCaclulator.Core\TheWebCalculator.Core.csproj", "{158ECAC4-35A0-4D4C-A8D9-65EC7F82E0C9}"
EndProject
Project("{FAE04EC0-301F-11D3-BF4B-00C04F79EFBC}") = "WebCalculator.Business", "WebCalculator.Business\WebCalculator.Business.csproj", "{7AD46E64-557C-42EE-B4AD-00F1299898C3}"
EndProject
Project("{FAE04EC0-301F-11D3-BF4B-00C04F79EFBC}") = "TheWebCalculator", "TheWebCalculator\TheWebCalculator.csproj", "{154D529F-C0F0-4F1B-BE7F-74613F9B9EA8}"
EndProject
Global
	GlobalSection(SolutionConfigurationPlatforms) = preSolution
		Debug|Any CPU = Debug|Any CPU
		Release|Any CPU = Release|Any CPU
	EndGlobalSection
	GlobalSection(ProjectConfigurationPlatforms) = postSolution
		{158ECAC4-35A0-4D4C-A8D9-65EC7F82E0C9}.Debug|Any CPU.ActiveCfg = Debug|Any CPU
		{158ECAC4-35A0-4D4C-A8D9-65EC7F82E0C9}.Debug|Any CPU.Build.0 = Debug|Any CPU
		{158ECAC4-35A0-4D4C-A8D9-65EC7F82E0C9}.Release|Any CPU.ActiveCfg = Release|Any CPU
		{158ECAC4-35A0-4D4C-A8D9-65EC7F82E0C9}.Release|Any CPU.Build.0 = Release|Any CPU
		{7AD46E64-557C-42EE-B4AD-00F1299898C3}.Debug|Any CPU.ActiveCfg = Debug|Any CPU
		{7AD46E64-557C-42EE-B4AD-00F1299898C3}.Debug|Any CPU.Build.0 = Debug|Any CPU
		{7AD46E64-557C-42EE-B4AD-00F1299898C3}.Release|Any CPU.ActiveCfg = Release|Any CPU
		{7AD46E64-557C-42EE-B4AD-00F1299898C3}.Release|Any CPU.Build.0 = Release|Any CPU
		{154D529F-C0F0-4F1B-BE7F-74613F9B9EA8}.Debug|Any CPU.ActiveCfg = Debug|Any CPU
		{154D529F-C0F0-4F1B-BE7F-74613F9B9EA8}.Debug|Any CPU.Build.0 = Debug|Any CPU
		{154D529F-C0F0-4F1B-BE7F-74613F9B9EA8}.Release|Any CPU.ActiveCfg = Release|Any CPU
		{154D529F-C0F0-4F1B-BE7F-74613F9B9EA8}.Release|Any CPU.Build.0 = Release|Any CPU
	EndGlobalSection
	GlobalSection(SolutionProperties) = preSolution
		HideSolutionNode = FALSE
	EndGlobalSection
	GlobalSection(ExtensibilityGlobals) = postSolution
		SolutionGuid = {B5D93FFE-5090-4603-9258-251608EE6482}
	EndGlobalSection
EndGlobal
